
Microsoft Visual Studio Solution File, Format Version 12.00
# Visual Studio Version 16
VisualStudioVersion = 16.0.28803.916
MinimumVisualStudioVersion = 10.0.40219.1
Project("{FAE04EC0-301F-11D3-BF4B-00C04F79EFBC}") = "PClasses", "PClasses\PClasses.csproj", "{F5AD365D-9C0D-4730-8AEC-08E024377892}"
EndProject
Global
	GlobalSection(SolutionConfigurationPlatforms) = preSolution
		Debug|Any CPU = Debug|Any CPU
		Release|Any CPU = Release|Any CPU
	EndGlobalSection
	GlobalSection(ProjectConfigurationPlatforms) = postSolution
		{F5AD365D-9C0D-4730-8AEC-08E024377892}.Debug|Any CPU.ActiveCfg = Debug|Any CPU
		{F5AD365D-9C0D-4730-8AEC-08E024377892}.Debug|Any CPU.Build.0 = Debug|Any CPU
		{F5AD365D-9C0D-4730-8AEC-08E024377892}.Release|Any CPU.ActiveCfg = Release|Any CPU
		{F5AD365D-9C0D-4730-8AEC-08E024377892}.Release|Any CPU.Build.0 = Release|Any CPU
	EndGlobalSection
	GlobalSection(SolutionProperties) = preSolution
		HideSolutionNode = FALSE
	EndGlobalSection
	GlobalSection(ExtensibilityGlobals) = postSolution
		SolutionGuid = {C18DD447-50EA-4D5A-875B-851E2E164709}
	EndGlobalSection
EndGlobal
